
Microsoft Visual Studio Solution File, Format Version 12.00
# Visual Studio 14
VisualStudioVersion = 14.0.25123.0
MinimumVisualStudioVersion = 10.0.40219.1
Project("{FAE04EC0-301F-11D3-BF4B-00C04F79EFBC}") = "Evo2Lib", "Evo2Lib\Evo2Lib.csproj", "{0DE4165E-A36D-4566-B0A4-EA951DAC2EC2}"
EndProject
Project("{FAE04EC0-301F-11D3-BF4B-00C04F79EFBC}") = "Evo2App", "Evo2App\Evo2App.csproj", "{33D5CF7A-B402-41B9-B4FF-7D3B757FAB21}"
EndProject
Global
	GlobalSection(SolutionConfigurationPlatforms) = preSolution
		Debug|Any CPU = Debug|Any CPU
		Release|Any CPU = Release|Any CPU
	EndGlobalSection
	GlobalSection(ProjectConfigurationPlatforms) = postSolution
		{0DE4165E-A36D-4566-B0A4-EA951DAC2EC2}.Debug|Any CPU.ActiveCfg = Debug|Any CPU
		{0DE4165E-A36D-4566-B0A4-EA951DAC2EC2}.Debug|Any CPU.Build.0 = Debug|Any CPU
		{0DE4165E-A36D-4566-B0A4-EA951DAC2EC2}.Release|Any CPU.ActiveCfg = Release|Any CPU
		{0DE4165E-A36D-4566-B0A4-EA951DAC2EC2}.Release|Any CPU.Build.0 = Release|Any CPU
		{33D5CF7A-B402-41B9-B4FF-7D3B757FAB21}.Debug|Any CPU.ActiveCfg = Debug|Any CPU
		{33D5CF7A-B402-41B9-B4FF-7D3B757FAB21}.Debug|Any CPU.Build.0 = Debug|Any CPU
		{33D5CF7A-B402-41B9-B4FF-7D3B757FAB21}.Release|Any CPU.ActiveCfg = Release|Any CPU
		{33D5CF7A-B402-41B9-B4FF-7D3B757FAB21}.Release|Any CPU.Build.0 = Release|Any CPU
	EndGlobalSection
	GlobalSection(SolutionProperties) = preSolution
		HideSolutionNode = FALSE
	EndGlobalSection
EndGlobal
